
Microsoft Visual Studio Solution File, Format Version 12.00
# Visual Studio Version 17
VisualStudioVersion = 17.3.32922.545
MinimumVisualStudioVersion = 10.0.40219.1
Project("{FAE04EC0-301F-11D3-BF4B-00C04F79EFBC}") = "Homwork2_2CS", "Homwork2_2CS\Homwork2_2CS.csproj", "{38501EBC-2570-4F6A-B7F0-9AF4775350BA}"
EndProject
Global
	GlobalSection(SolutionConfigurationPlatforms) = preSolution
		Debug|Any CPU = Debug|Any CPU
		Release|Any CPU = Release|Any CPU
	EndGlobalSection
	GlobalSection(ProjectConfigurationPlatforms) = postSolution
		{38501EBC-2570-4F6A-B7F0-9AF4775350BA}.Debug|Any CPU.ActiveCfg = Debug|Any CPU
		{38501EBC-2570-4F6A-B7F0-9AF4775350BA}.Debug|Any CPU.Build.0 = Debug|Any CPU
		{38501EBC-2570-4F6A-B7F0-9AF4775350BA}.Release|Any CPU.ActiveCfg = Release|Any CPU
		{38501EBC-2570-4F6A-B7F0-9AF4775350BA}.Release|Any CPU.Build.0 = Release|Any CPU
	EndGlobalSection
	GlobalSection(SolutionProperties) = preSolution
		HideSolutionNode = FALSE
	EndGlobalSection
	GlobalSection(ExtensibilityGlobals) = postSolution
		SolutionGuid = {B10D346A-B668-4A4A-9486-20A13B45693C}
	EndGlobalSection
EndGlobal
